
Microsoft Visual Studio Solution File, Format Version 12.00
# Visual Studio 2012
Project("{FAE04EC0-301F-11D3-BF4B-00C04F79EFBC}") = "Preview", "Preview\Preview.csproj", "{B66E7F04-53C0-4D69-BE9D-566F35FFA92E}"
EndProject
Global
	GlobalSection(SolutionConfigurationPlatforms) = preSolution
		Debug|Any CPU = Debug|Any CPU
		Release|Any CPU = Release|Any CPU
	EndGlobalSection
	GlobalSection(ProjectConfigurationPlatforms) = postSolution
		{B66E7F04-53C0-4D69-BE9D-566F35FFA92E}.Debug|Any CPU.ActiveCfg = Debug|Any CPU
		{B66E7F04-53C0-4D69-BE9D-566F35FFA92E}.Debug|Any CPU.Build.0 = Debug|Any CPU
		{B66E7F04-53C0-4D69-BE9D-566F35FFA92E}.Release|Any CPU.ActiveCfg = Release|Any CPU
		{B66E7F04-53C0-4D69-BE9D-566F35FFA92E}.Release|Any CPU.Build.0 = Release|Any CPU
	EndGlobalSection
	GlobalSection(MonoDevelopProperties) = preSolution
		StartupItem = Preview\Preview.csproj
	EndGlobalSection
EndGlobal
